// !$*UTF8*$!
{
	archiveVersion = 1;
	classes = {
	};
	objectVersion = 77;
	objects = {

/* Begin PBXBuildFile section */
		4F0D6A012F1A000100000001 /* HexCore in Frameworks */ = {isa = PBXBuildFile; productRef = 476316262E5FB31400913CDE /* HexCore */; };
		4F0D6A022F1A000100000001 /* ComposableArchitecture in Frameworks */ = {isa = PBXBuildFile; productRef = 47E05E012D444EE900D26DA6 /* ComposableArchitecture */; };
		47512ABF2E14D8C9000E25BA /* WhisperKit in Frameworks */ = {isa = PBXBuildFile; productRef = 47512ABE2E14D8C9000E25BA /* WhisperKit */; };
		476316272E5FB31400913CDE /* HexCore in Frameworks */ = {isa = PBXBuildFile; productRef = 476316262E5FB31400913CDE /* HexCore */; };
		4765045E2D45900200C7EA60 /* Pow in Frameworks */ = {isa = PBXBuildFile; productRef = 4765045D2D45900200C7EA60 /* Pow */; };
		476BAD3E2D47E7880088C61F /* Sparkle in Frameworks */ = {isa = PBXBuildFile; productRef = 476BAD3D2D47E7880088C61F /* Sparkle */; };
		47C08AB62DE9F61B00564AE6 /* Inject in Frameworks */ = {isa = PBXBuildFile; productRef = 47C08AB52DE9F61B00564AE6 /* Inject */; };
		47E05E022D444EE900D26DA6 /* ComposableArchitecture in Frameworks */ = {isa = PBXBuildFile; productRef = 47E05E012D444EE900D26DA6 /* ComposableArchitecture */; };
		47E05E052D444EF800D26DA6 /* Sauce in Frameworks */ = {isa = PBXBuildFile; productRef = 47E05E042D444EF800D26DA6 /* Sauce */; };
		47E05E0A2D44525B00D26DA6 /* Dependencies in Frameworks */ = {isa = PBXBuildFile; productRef = 47E05E092D44525B00D26DA6 /* Dependencies */; };
		47E05E0C2D44525B00D26DA6 /* DependenciesMacros in Frameworks */ = {isa = PBXBuildFile; productRef = 47E05E0B2D44525B00D26DA6 /* DependenciesMacros */; };
		47E16A622EC6C9D300885CF7 /* FluidAudio in Frameworks */ = {isa = PBXBuildFile; productRef = 47E16A612EC6C9D300885CF7 /* FluidAudio */; };
		B5045C972D78DED500D0A119 /* MarkdownUI in Frameworks */ = {isa = PBXBuildFile; productRef = B5045C962D78DED500D0A119 /* MarkdownUI */; };
		B53356002D7B8D4900E5F542 /* Localizable.xcstrings in Resources */ = {isa = PBXBuildFile; fileRef = B53355FF2D7B8D4900E5F542 /* Localizable.xcstrings */; };
/* End PBXBuildFile section */

/* Begin PBXContainerItemProxy section */
		478637A92D48725900319BFA /* PBXContainerItemProxy */ = {
			isa = PBXContainerItemProxy;
			containerPortal = 47E05DE62D444EC600D26DA6 /* Project object */;
			proxyType = 1;
			remoteGlobalIDString = 47E05DED2D444EC600D26DA6;
			remoteInfo = Hex;
		};
/* End PBXContainerItemProxy section */

/* Begin PBXFileReference section */
		473544502D445936001FBCB5 /* XCTest.framework */ = {isa = PBXFileReference; lastKnownFileType = wrapper.framework; name = XCTest.framework; path = Platforms/MacOSX.platform/Developer/Library/Frameworks/XCTest.framework; sourceTree = DEVELOPER_DIR; };
		473544542D445959001FBCB5 /* Testing.framework */ = {isa = PBXFileReference; lastKnownFileType = wrapper.framework; name = Testing.framework; path = Platforms/MacOSX.platform/Developer/Library/Frameworks/Testing.framework; sourceTree = DEVELOPER_DIR; };
		478637A52D48725900319BFA /* HexTests.xctest */ = {isa = PBXFileReference; explicitFileType = wrapper.cfbundle; includeInIndex = 0; path = HexTests.xctest; sourceTree = BUILT_PRODUCTS_DIR; };
		47E05DEE2D444EC600D26DA6 /* Hex Debug.app */ = {isa = PBXFileReference; explicitFileType = wrapper.application; includeInIndex = 0; path = "Hex Debug.app"; sourceTree = BUILT_PRODUCTS_DIR; };
		B53355FF2D7B8D4900E5F542 /* Localizable.xcstrings */ = {isa = PBXFileReference; lastKnownFileType = text.json.xcstrings; path = Localizable.xcstrings; sourceTree = "<group>"; };
		B5A1C7E22E6A1C5B00AB1234 /* AppIcon.icon */ = {isa = PBXFileReference; lastKnownFileType = folder.icon; name = AppIcon.icon; path = Hex/AppIcon.icon; sourceTree = "<group>"; };
/* End PBXFileReference section */

/* Begin PBXFileSystemSynchronizedBuildFileExceptionSet section */
		476BAD402D47E8500088C61F /* Exceptions for "Hex" folder in "Hex" target */ = {
			isa = PBXFileSystemSynchronizedBuildFileExceptionSet;
			membershipExceptions = (
				Info.plist,
			);
			target = 47E05DED2D444EC600D26DA6 /* Hex */;
		};
/* End PBXFileSystemSynchronizedBuildFileExceptionSet section */

/* Begin PBXFileSystemSynchronizedRootGroup section */
		4F0D6A032F1A000100000001 /* HexTests */ = {
			isa = PBXFileSystemSynchronizedRootGroup;
			path = HexTests;
			sourceTree = "<group>";
		};
		47E05DF02D444EC600D26DA6 /* Hex */ = {
			isa = PBXFileSystemSynchronizedRootGroup;
			exceptions = (
				476BAD402D47E8500088C61F /* Exceptions for "Hex" folder in "Hex" target */,
			);
			path = Hex;
			sourceTree = "<group>";
		};
/* End PBXFileSystemSynchronizedRootGroup section */

/* Begin PBXFrameworksBuildPhase section */
		478637A22D48725900319BFA /* Frameworks */ = {
			isa = PBXFrameworksBuildPhase;
			buildActionMask = 2147483647;
			files = (
				4F0D6A022F1A000100000001 /* ComposableArchitecture in Frameworks */,
				4F0D6A012F1A000100000001 /* HexCore in Frameworks */,
			);
			runOnlyForDeploymentPostprocessing = 0;
		};
		47E05DEB2D444EC600D26DA6 /* Frameworks */ = {
			isa = PBXFrameworksBuildPhase;
			buildActionMask = 2147483647;
			files = (
				476BAD3E2D47E7880088C61F /* Sparkle in Frameworks */,
				476316272E5FB31400913CDE /* HexCore in Frameworks */,
				47E05E0A2D44525B00D26DA6 /* Dependencies in Frameworks */,
				B5045C972D78DED500D0A119 /* MarkdownUI in Frameworks */,
				47512ABF2E14D8C9000E25BA /* WhisperKit in Frameworks */,
				47E05E052D444EF800D26DA6 /* Sauce in Frameworks */,
				47E16A622EC6C9D300885CF7 /* FluidAudio in Frameworks */,
				47C08AB62DE9F61B00564AE6 /* Inject in Frameworks */,
				4765045E2D45900200C7EA60 /* Pow in Frameworks */,
				47E05E0C2D44525B00D26DA6 /* DependenciesMacros in Frameworks */,
				47E05E022D444EE900D26DA6 /* ComposableArchitecture in Frameworks */,
			);
			runOnlyForDeploymentPostprocessing = 0;
		};
/* End PBXFrameworksBuildPhase section */

/* Begin PBXGroup section */
		4735444F2D445936001FBCB5 /* Frameworks */ = {
			isa = PBXGroup;
			children = (
				473544542D445959001FBCB5 /* Testing.framework */,
				473544502D445936001FBCB5 /* XCTest.framework */,
			);
			name = Frameworks;
			sourceTree = "<group>";
		};
		47E05DE52D444EC600D26DA6 = {
			isa = PBXGroup;
			children = (
				B53355FF2D7B8D4900E5F542 /* Localizable.xcstrings */,
				B5A1C7E22E6A1C5B00AB1234 /* AppIcon.icon */,
				47E05DF02D444EC600D26DA6 /* Hex */,
				4F0D6A032F1A000100000001 /* HexTests */,
				4735444F2D445936001FBCB5 /* Frameworks */,
				47E05DEF2D444EC600D26DA6 /* Products */,
			);
			sourceTree = "<group>";
		};
		47E05DEF2D444EC600D26DA6 /* Products */ = {
			isa = PBXGroup;
			children = (
				47E05DEE2D444EC600D26DA6 /* Hex Debug.app */,
				478637A52D48725900319BFA /* HexTests.xctest */,
			);
			name = Products;
			sourceTree = "<group>";
		};
/* End PBXGroup section */

/* Begin PBXNativeTarget section */
		478637A42D48725900319BFA /* HexTests */ = {
			isa = PBXNativeTarget;
			buildConfigurationList = 478637AB2D48725900319BFA /* Build configuration list for PBXNativeTarget "HexTests" */;
			buildPhases = (
				478637A12D48725900319BFA /* Sources */,
				478637A22D48725900319BFA /* Frameworks */,
				478637A32D48725900319BFA /* Resources */,
			);
			buildRules = (
			);
			dependencies = (
				478637AA2D48725900319BFA /* PBXTargetDependency */,
			);
			fileSystemSynchronizedGroups = (
				4F0D6A032F1A000100000001 /* HexTests */,
			);
			name = HexTests;
			packageProductDependencies = (
				47E05E012D444EE900D26DA6 /* ComposableArchitecture */,
				476316262E5FB31400913CDE /* HexCore */,
			);
			productName = HexTests;
			productReference = 478637A52D48725900319BFA /* HexTests.xctest */;
			productType = "com.apple.product-type.bundle.unit-test";
		};
		47E05DED2D444EC600D26DA6 /* Hex */ = {
			isa = PBXNativeTarget;
			buildConfigurationList = 47E05DFD2D444EC700D26DA6 /* Build configuration list for PBXNativeTarget "Hex" */;
			buildPhases = (
				47E05DEA2D444EC600D26DA6 /* Sources */,
				47E05DEB2D444EC600D26DA6 /* Frameworks */,
				47E05DEC2D444EC600D26DA6 /* Resources */,
			);
			buildRules = (
			);
			dependencies = (
			);
			fileSystemSynchronizedGroups = (
				47E05DF02D444EC600D26DA6 /* Hex */,
			);
			name = Hex;
			packageProductDependencies = (
				47E05E012D444EE900D26DA6 /* ComposableArchitecture */,
				47E05E042D444EF800D26DA6 /* Sauce */,
				47E05E092D44525B00D26DA6 /* Dependencies */,
				47E05E0B2D44525B00D26DA6 /* DependenciesMacros */,
				4765045D2D45900200C7EA60 /* Pow */,
				476BAD3D2D47E7880088C61F /* Sparkle */,
				B5045C962D78DED500D0A119 /* MarkdownUI */,
				47C08AB52DE9F61B00564AE6 /* Inject */,
				47512ABE2E14D8C9000E25BA /* WhisperKit */,
				476316262E5FB31400913CDE /* HexCore */,
				47E16A612EC6C9D300885CF7 /* FluidAudio */,
			);
			productName = Hex;
			productReference = 47E05DEE2D444EC600D26DA6 /* Hex Debug.app */;
			productType = "com.apple.product-type.application";
		};
/* End PBXNativeTarget section */

/* Begin PBXProject section */
		47E05DE62D444EC600D26DA6 /* Project object */ = {
			isa = PBXProject;
			attributes = {
				BuildIndependentTargetsInParallel = 1;
				LastSwiftUpdateCheck = 1620;
				LastUpgradeCheck = 2620;
				TargetAttributes = {
					478637A42D48725900319BFA = {
						CreatedOnToolsVersion = 16.2;
						TestTargetID = 47E05DED2D444EC600D26DA6;
					};
					47E05DED2D444EC600D26DA6 = {
						CreatedOnToolsVersion = 16.2;
					};
				};
			};
			buildConfigurationList = 47E05DE92D444EC600D26DA6 /* Build configuration list for PBXProject "Hex" */;
			developmentRegion = en;
			hasScannedForEncodings = 0;
			knownRegions = (
				en,
				Base,
			);
			mainGroup = 47E05DE52D444EC600D26DA6;
			minimizedProjectReferenceProxies = 1;
			packageReferences = (
				47E05E002D444EE900D26DA6 /* XCRemoteSwiftPackageReference "swift-composable-architecture" */,
				47E05E032D444EF800D26DA6 /* XCRemoteSwiftPackageReference "Sauce" */,
				47E05E082D44525B00D26DA6 /* XCRemoteSwiftPackageReference "swift-dependencies" */,
				4765045C2D45900200C7EA60 /* XCRemoteSwiftPackageReference "Pow" */,
				476BAD3C2D47E7880088C61F /* XCRemoteSwiftPackageReference "Sparkle" */,
				B5045C952D78DED500D0A119 /* XCRemoteSwiftPackageReference "swift-markdown-ui" */,
				47C08AB42DE9F61B00564AE6 /* XCRemoteSwiftPackageReference "Inject" */,
				47512ABD2E14D8C9000E25BA /* XCRemoteSwiftPackageReference "WhisperKit" */,
				476316252E5FB31400913CDE /* XCLocalSwiftPackageReference "HexCore" */,
				47E16A602EC6C9D300885CF7 /* XCRemoteSwiftPackageReference "FluidAudio" */,
			);
			preferredProjectObjectVersion = 77;
			productRefGroup = 47E05DEF2D444EC600D26DA6 /* Products */;
			projectDirPath = "";
			projectRoot = "";
			targets = (
				47E05DED2D444EC600D26DA6 /* Hex */,
				478637A42D48725900319BFA /* HexTests */,
			);
		};
/* End PBXProject section */

/* Begin PBXResourcesBuildPhase section */
		478637A32D48725900319BFA /* Resources */ = {
			isa = PBXResourcesBuildPhase;
			buildActionMask = 2147483647;
			files = (
			);
			runOnlyForDeploymentPostprocessing = 0;
		};
		47E05DEC2D444EC600D26DA6 /* Resources */ = {
			isa = PBXResourcesBuildPhase;
			buildActionMask = 2147483647;
			files = (
				B53356002D7B8D4900E5F542 /* Localizable.xcstrings in Resources */,
			);
			runOnlyForDeploymentPostprocessing = 0;
		};
/* End PBXResourcesBuildPhase section */

/* Begin PBXSourcesBuildPhase section */
		478637A12D48725900319BFA /* Sources */ = {
			isa = PBXSourcesBuildPhase;
			buildActionMask = 2147483647;
			files = (
			);
			runOnlyForDeploymentPostprocessing = 0;
		};
		47E05DEA2D444EC600D26DA6 /* Sources */ = {
			isa = PBXSourcesBuildPhase;
			buildActionMask = 2147483647;
			files = (
			);
			runOnlyForDeploymentPostprocessing = 0;
		};
/* End PBXSourcesBuildPhase section */

/* Begin PBXTargetDependency section */
		478637AA2D48725900319BFA /* PBXTargetDependency */ = {
			isa = PBXTargetDependency;
			target = 47E05DED2D444EC600D26DA6 /* Hex */;
			targetProxy = 478637A92D48725900319BFA /* PBXContainerItemProxy */;
		};
/* End PBXTargetDependency section */

/* Begin XCBuildConfiguration section */
		478637AC2D48725900319BFA /* Debug */ = {
			isa = XCBuildConfiguration;
			buildSettings = {
				BUNDLE_LOADER = "$(TEST_HOST)";
				CODE_SIGN_STYLE = Automatic;
				CURRENT_PROJECT_VERSION = 86;
				DEAD_CODE_STRIPPING = YES;
				GENERATE_INFOPLIST_FILE = YES;
				MARKETING_VERSION = 0.7.6;
				PRODUCT_BUNDLE_IDENTIFIER = com.kitlangton.HexTests;
				PRODUCT_NAME = "$(TARGET_NAME)";
				SWIFT_EMIT_LOC_STRINGS = NO;
				SWIFT_VERSION = 5.0;
				TEST_HOST = "$(BUILT_PRODUCTS_DIR)/Hex Debug.app/$(BUNDLE_EXECUTABLE_FOLDER_PATH)/Hex Debug";
			};
			name = Debug;
		};
		478637AD2D48725900319BFA /* Release */ = {
			isa = XCBuildConfiguration;
			buildSettings = {
				BUNDLE_LOADER = "$(TEST_HOST)";
				CODE_SIGN_STYLE = Automatic;
				CURRENT_PROJECT_VERSION = 86;
				DEAD_CODE_STRIPPING = YES;
				GENERATE_INFOPLIST_FILE = YES;
				MARKETING_VERSION = 0.7.6;
				PRODUCT_BUNDLE_IDENTIFIER = com.kitlangton.HexTests;
				PRODUCT_NAME = "$(TARGET_NAME)";
				SWIFT_EMIT_LOC_STRINGS = NO;
				SWIFT_VERSION = 5.0;
				TEST_HOST = "$(BUILT_PRODUCTS_DIR)/Hex.app/$(BUNDLE_EXECUTABLE_FOLDER_PATH)/Hex";
			};
			name = Release;
		};
		47E05DFB2D444EC700D26DA6 /* Debug */ = {
			isa = XCBuildConfiguration;
			buildSettings = {
				ALWAYS_SEARCH_USER_PATHS = NO;
				ASSETCATALOG_COMPILER_GENERATE_SWIFT_ASSET_SYMBOL_EXTENSIONS = YES;
				CLANG_ANALYZER_NONNULL = YES;
				CLANG_ANALYZER_NUMBER_OBJECT_CONVERSION = YES_AGGRESSIVE;
				CLANG_CXX_LANGUAGE_STANDARD = "gnu++20";
				CLANG_ENABLE_MODULES = YES;
				CLANG_ENABLE_OBJC_ARC = YES;
				CLANG_ENABLE_OBJC_WEAK = YES;
				CLANG_WARN_BLOCK_CAPTURE_AUTORELEASING = YES;
				CLANG_WARN_BOOL_CONVERSION = YES;
				CLANG_WARN_COMMA = YES;
				CLANG_WARN_CONSTANT_CONVERSION = YES;
				CLANG_WARN_DEPRECATED_OBJC_IMPLEMENTATIONS = YES;
				CLANG_WARN_DIRECT_OBJC_ISA_USAGE = YES_ERROR;
				CLANG_WARN_DOCUMENTATION_COMMENTS = YES;
				CLANG_WARN_EMPTY_BODY = YES;
				CLANG_WARN_ENUM_CONVERSION = YES;
				CLANG_WARN_INFINITE_RECURSION = YES;
				CLANG_WARN_INT_CONVERSION = YES;
				CLANG_WARN_NON_LITERAL_NULL_CONVERSION = YES;
				CLANG_WARN_OBJC_IMPLICIT_RETAIN_SELF = YES;
				CLANG_WARN_OBJC_LITERAL_CONVERSION = YES;
				CLANG_WARN_OBJC_ROOT_CLASS = YES_ERROR;
				CLANG_WARN_QUOTED_INCLUDE_IN_FRAMEWORK_HEADER = YES;
				CLANG_WARN_RANGE_LOOP_ANALYSIS = YES;
				CLANG_WARN_STRICT_PROTOTYPES = YES;
				CLANG_WARN_SUSPICIOUS_MOVE = YES;
				CLANG_WARN_UNGUARDED_AVAILABILITY = YES_AGGRESSIVE;
				CLANG_WARN_UNREACHABLE_CODE = YES;
				CLANG_WARN__DUPLICATE_METHOD_MATCH = YES;
				COPY_PHASE_STRIP = NO;
				DEAD_CODE_STRIPPING = YES;
				DEBUG_INFORMATION_FORMAT = dwarf;
				DEVELOPMENT_TEAM = QC99C9JE59;
				ENABLE_STRICT_OBJC_MSGSEND = YES;
				ENABLE_TESTABILITY = YES;
				ENABLE_USER_SCRIPT_SANDBOXING = YES;
				GCC_C_LANGUAGE_STANDARD = gnu17;
				GCC_DYNAMIC_NO_PIC = NO;
				GCC_NO_COMMON_BLOCKS = YES;
				GCC_OPTIMIZATION_LEVEL = 0;
				GCC_PREPROCESSOR_DEFINITIONS = (
					"DEBUG=1",
					"$(inherited)",
				);
				GCC_WARN_64_TO_32_BIT_CONVERSION = YES;
				GCC_WARN_ABOUT_RETURN_TYPE = YES_ERROR;
				GCC_WARN_UNDECLARED_SELECTOR = YES;
				GCC_WARN_UNINITIALIZED_AUTOS = YES_AGGRESSIVE;
				GCC_WARN_UNUSED_FUNCTION = YES;
				GCC_WARN_UNUSED_VARIABLE = YES;
				LOCALIZATION_PREFERS_STRING_CATALOGS = YES;
				MACOSX_DEPLOYMENT_TARGET = 14.0;
				MTL_ENABLE_DEBUG_INFO = INCLUDE_SOURCE;
				MTL_FAST_MATH = YES;
				ONLY_ACTIVE_ARCH = YES;
				SDKROOT = macosx;
				STRING_CATALOG_GENERATE_SYMBOLS = YES;
				SWIFT_ACTIVE_COMPILATION_CONDITIONS = "DEBUG $(inherited)";
				SWIFT_OPTIMIZATION_LEVEL = "-Onone";
			};
			name = Debug;
		};
		47E05DFC2D444EC700D26DA6 /* Release */ = {
			isa = XCBuildConfiguration;
			buildSettings = {
				ALWAYS_SEARCH_USER_PATHS = NO;
				ASSETCATALOG_COMPILER_GENERATE_SWIFT_ASSET_SYMBOL_EXTENSIONS = YES;
				CLANG_ANALYZER_NONNULL = YES;
				CLANG_ANALYZER_NUMBER_OBJECT_CONVERSION = YES_AGGRESSIVE;
				CLANG_CXX_LANGUAGE_STANDARD = "gnu++20";
				CLANG_ENABLE_MODULES = YES;
				CLANG_ENABLE_OBJC_ARC = YES;
				CLANG_ENABLE_OBJC_WEAK = YES;
				CLANG_WARN_BLOCK_CAPTURE_AUTORELEASING = YES;
				CLANG_WARN_BOOL_CONVERSION = YES;
				CLANG_WARN_COMMA = YES;
				CLANG_WARN_CONSTANT_CONVERSION = YES;
				CLANG_WARN_DEPRECATED_OBJC_IMPLEMENTATIONS = YES;
				CLANG_WARN_DIRECT_OBJC_ISA_USAGE = YES_ERROR;
				CLANG_WARN_DOCUMENTATION_COMMENTS = YES;
				CLANG_WARN_EMPTY_BODY = YES;
				CLANG_WARN_ENUM_CONVERSION = YES;
				CLANG_WARN_INFINITE_RECURSION = YES;
				CLANG_WARN_INT_CONVERSION = YES;
				CLANG_WARN_NON_LITERAL_NULL_CONVERSION = YES;
				CLANG_WARN_OBJC_IMPLICIT_RETAIN_SELF = YES;
				CLANG_WARN_OBJC_LITERAL_CONVERSION = YES;
				CLANG_WARN_OBJC_ROOT_CLASS = YES_ERROR;
				CLANG_WARN_QUOTED_INCLUDE_IN_FRAMEWORK_HEADER = YES;
				CLANG_WARN_RANGE_LOOP_ANALYSIS = YES;
				CLANG_WARN_STRICT_PROTOTYPES = YES;
				CLANG_WARN_SUSPICIOUS_MOVE = YES;
				CLANG_WARN_UNGUARDED_AVAILABILITY = YES_AGGRESSIVE;
				CLANG_WARN_UNREACHABLE_CODE = YES;
				CLANG_WARN__DUPLICATE_METHOD_MATCH = YES;
				COPY_PHASE_STRIP = NO;
				DEAD_CODE_STRIPPING = YES;
				DEBUG_INFORMATION_FORMAT = "dwarf-with-dsym";
				DEVELOPMENT_TEAM = QC99C9JE59;
				ENABLE_NS_ASSERTIONS = NO;
				ENABLE_STRICT_OBJC_MSGSEND = YES;
				ENABLE_USER_SCRIPT_SANDBOXING = YES;
				GCC_C_LANGUAGE_STANDARD = gnu17;
				GCC_NO_COMMON_BLOCKS = YES;
				GCC_WARN_64_TO_32_BIT_CONVERSION = YES;
				GCC_WARN_ABOUT_RETURN_TYPE = YES_ERROR;
				GCC_WARN_UNDECLARED_SELECTOR = YES;
				GCC_WARN_UNINITIALIZED_AUTOS = YES_AGGRESSIVE;
				GCC_WARN_UNUSED_FUNCTION = YES;
				GCC_WARN_UNUSED_VARIABLE = YES;
				LOCALIZATION_PREFERS_STRING_CATALOGS = YES;
				MACOSX_DEPLOYMENT_TARGET = 14.0;
				MTL_ENABLE_DEBUG_INFO = NO;
				MTL_FAST_MATH = YES;
				SDKROOT = macosx;
				STRING_CATALOG_GENERATE_SYMBOLS = YES;
				SWIFT_COMPILATION_MODE = wholemodule;
			};
			name = Release;
		};
		47E05DFE2D444EC700D26DA6 /* Debug */ = {
			isa = XCBuildConfiguration;
			buildSettings = {
				ASSETCATALOG_COMPILER_GLOBAL_ACCENT_COLOR_NAME = AccentColor;
				ASSETCATALOG_COMPILER_APPICON_NAME = AppIcon;
				AUTOMATION_APPLE_EVENTS = YES;
				CODE_SIGN_ENTITLEMENTS = Hex/Hex.entitlements;
				"CODE_SIGN_IDENTITY[sdk=macosx*]" = "Apple Development";
				CODE_SIGN_STYLE = Automatic;
				COMBINE_HIDPI_IMAGES = YES;
				CURRENT_PROJECT_VERSION = 86;
				DEAD_CODE_STRIPPING = YES;
				DEVELOPMENT_ASSET_PATHS = "\"Hex/Preview Content\"";
				DEVELOPMENT_TEAM = QC99C9JE59;
				EMIT_FRONTEND_COMMAND_LINES = YES;
				ENABLE_APP_SANDBOX = YES;
				ENABLE_HARDENED_RUNTIME = YES;
				ENABLE_OUTGOING_NETWORK_CONNECTIONS = YES;
				ENABLE_PREVIEWS = YES;
				ENABLE_RESOURCE_ACCESS_AUDIO_INPUT = YES;
				ENABLE_RESOURCE_ACCESS_CALENDARS = NO;
				ENABLE_RESOURCE_ACCESS_CAMERA = NO;
				ENABLE_RESOURCE_ACCESS_CONTACTS = NO;
				ENABLE_RESOURCE_ACCESS_LOCATION = NO;
				ENABLE_RESOURCE_ACCESS_PHOTO_LIBRARY = NO;
				ENABLE_USER_SCRIPT_SANDBOXING = YES;
				ENABLE_USER_SELECTED_FILES = readwrite;
				GENERATE_INFOPLIST_FILE = YES;
				INFOPLIST_FILE = Hex/Info.plist;
				INFOPLIST_KEY_NSAppleEventsUsageDescription = "Hex needs to control keyboard events to simulate paste operations.";
				INFOPLIST_KEY_NSHumanReadableCopyright = "";
				INFOPLIST_KEY_NSMicrophoneUsageDescription = "Hex needs microphone access in order to transcribe your voice.";
				LD_RUNPATH_SEARCH_PATHS = (
					"$(inherited)",
					"@executable_path/../Frameworks",
				);
				MACOSX_DEPLOYMENT_TARGET = 14.0;
				MARKETING_VERSION = 0.7.6;
				OTHER_LDFLAGS = (
					"-Xlinker",
					"-interposable",
				);
				PRODUCT_BUNDLE_IDENTIFIER = com.kitlangton.Hex.debug;
				PRODUCT_NAME = "Hex Debug";
				RUNTIME_EXCEPTION_ALLOW_DYLD_ENVIRONMENT_VARIABLES = NO;
				RUNTIME_EXCEPTION_ALLOW_JIT = NO;
				RUNTIME_EXCEPTION_ALLOW_UNSIGNED_EXECUTABLE_MEMORY = NO;
				RUNTIME_EXCEPTION_DEBUGGING_TOOL = NO;
				RUNTIME_EXCEPTION_DISABLE_EXECUTABLE_PAGE_PROTECTION = NO;
				RUNTIME_EXCEPTION_DISABLE_LIBRARY_VALIDATION = YES;
				SWIFT_EMIT_LOC_STRINGS = YES;
				SWIFT_VERSION = 5.0;
			};
			name = Debug;
		};
		47E05DFF2D444EC700D26DA6 /* Release */ = {
			isa = XCBuildConfiguration;
			buildSettings = {
				ASSETCATALOG_COMPILER_GLOBAL_ACCENT_COLOR_NAME = AccentColor;
				ASSETCATALOG_COMPILER_APPICON_NAME = AppIcon;
				AUTOMATION_APPLE_EVENTS = YES;
				CODE_SIGN_ENTITLEMENTS = Hex/Hex.entitlements;
				"CODE_SIGN_IDENTITY[sdk=macosx*]" = "Apple Development";
				CODE_SIGN_STYLE = Automatic;
				COMBINE_HIDPI_IMAGES = YES;
				CURRENT_PROJECT_VERSION = 86;
				DEAD_CODE_STRIPPING = YES;
				DEVELOPMENT_ASSET_PATHS = "\"Hex/Preview Content\"";
				DEVELOPMENT_TEAM = QC99C9JE59;
				EMIT_FRONTEND_COMMAND_LINES = NO;
				ENABLE_APP_SANDBOX = YES;
				ENABLE_HARDENED_RUNTIME = YES;
				ENABLE_OUTGOING_NETWORK_CONNECTIONS = YES;
				ENABLE_PREVIEWS = YES;
				ENABLE_RESOURCE_ACCESS_AUDIO_INPUT = YES;
				ENABLE_RESOURCE_ACCESS_CALENDARS = NO;
				ENABLE_RESOURCE_ACCESS_CAMERA = NO;
				ENABLE_RESOURCE_ACCESS_CONTACTS = NO;
				ENABLE_RESOURCE_ACCESS_LOCATION = NO;
				ENABLE_RESOURCE_ACCESS_PHOTO_LIBRARY = NO;
				ENABLE_USER_SELECTED_FILES = readwrite;
				GENERATE_INFOPLIST_FILE = YES;
				INFOPLIST_FILE = Hex/Info.plist;
				INFOPLIST_KEY_NSAppleEventsUsageDescription = "Hex needs to control keyboard events to simulate paste operations.";
				INFOPLIST_KEY_NSHumanReadableCopyright = "";
				INFOPLIST_KEY_NSMicrophoneUsageDescription = "Hex needs microphone access in order to transcribe your voice.";
				LD_RUNPATH_SEARCH_PATHS = (
					"$(inherited)",
					"@executable_path/../Frameworks",
				);
				MACOSX_DEPLOYMENT_TARGET = 14.0;
				MARKETING_VERSION = 0.7.6;
				PRODUCT_BUNDLE_IDENTIFIER = com.kitlangton.Hex;
				PRODUCT_NAME = "$(TARGET_NAME)";
				RUNTIME_EXCEPTION_ALLOW_DYLD_ENVIRONMENT_VARIABLES = NO;
				RUNTIME_EXCEPTION_ALLOW_JIT = NO;
				RUNTIME_EXCEPTION_ALLOW_UNSIGNED_EXECUTABLE_MEMORY = NO;
				RUNTIME_EXCEPTION_DEBUGGING_TOOL = NO;
				RUNTIME_EXCEPTION_DISABLE_EXECUTABLE_PAGE_PROTECTION = NO;
				RUNTIME_EXCEPTION_DISABLE_LIBRARY_VALIDATION = YES;
				SWIFT_EMIT_LOC_STRINGS = YES;
				SWIFT_VERSION = 5.0;
			};
			name = Release;
		};
/* End XCBuildConfiguration section */

/* Begin XCConfigurationList section */
		478637AB2D48725900319BFA /* Build configuration list for PBXNativeTarget "HexTests" */ = {
			isa = XCConfigurationList;
			buildConfigurations = (
				478637AC2D48725900319BFA /* Debug */,
				478637AD2D48725900319BFA /* Release */,
			);
			defaultConfigurationIsVisible = 0;
			defaultConfigurationName = Release;
		};
		47E05DE92D444EC600D26DA6 /* Build configuration list for PBXProject "Hex" */ = {
			isa = XCConfigurationList;
			buildConfigurations = (
				47E05DFB2D444EC700D26DA6 /* Debug */,
				47E05DFC2D444EC700D26DA6 /* Release */,
			);
			defaultConfigurationIsVisible = 0;
			defaultConfigurationName = Release;
		};
		47E05DFD2D444EC700D26DA6 /* Build configuration list for PBXNativeTarget "Hex" */ = {
			isa = XCConfigurationList;
			buildConfigurations = (
				47E05DFE2D444EC700D26DA6 /* Debug */,
				47E05DFF2D444EC700D26DA6 /* Release */,
			);
			defaultConfigurationIsVisible = 0;
			defaultConfigurationName = Release;
		};
/* End XCConfigurationList section */

/* Begin XCLocalSwiftPackageReference section */
		476316252E5FB31400913CDE /* XCLocalSwiftPackageReference "HexCore" */ = {
			isa = XCLocalSwiftPackageReference;
			relativePath = HexCore;
		};
/* End XCLocalSwiftPackageReference section */

/* Begin XCRemoteSwiftPackageReference section */
		47512ABD2E14D8C9000E25BA /* XCRemoteSwiftPackageReference "WhisperKit" */ = {
			isa = XCRemoteSwiftPackageReference;
			repositoryURL = "https://github.com/argmaxinc/WhisperKit";
			requirement = {
				kind = upToNextMajorVersion;
				minimumVersion = 0.15.0;
			};
		};
		4765045C2D45900200C7EA60 /* XCRemoteSwiftPackageReference "Pow" */ = {
			isa = XCRemoteSwiftPackageReference;
			repositoryURL = "https://github.com/EmergeTools/Pow";
			requirement = {
				kind = revision;
				revision = 1b4b1dda28c50b95f0872927ee2226fe8b58950e;
			};
		};
		476BAD3C2D47E7880088C61F /* XCRemoteSwiftPackageReference "Sparkle" */ = {
			isa = XCRemoteSwiftPackageReference;
			repositoryURL = "https://github.com/sparkle-project/Sparkle";
			requirement = {
				kind = upToNextMajorVersion;
				minimumVersion = 2.8.1;
			};
		};
		47C08AB42DE9F61B00564AE6 /* XCRemoteSwiftPackageReference "Inject" */ = {
			isa = XCRemoteSwiftPackageReference;
			repositoryURL = "https://github.com/krzysztofzablocki/Inject";
			requirement = {
				kind = upToNextMajorVersion;
				minimumVersion = 1.5.2;
			};
		};
		47E05E002D444EE900D26DA6 /* XCRemoteSwiftPackageReference "swift-composable-architecture" */ = {
			isa = XCRemoteSwiftPackageReference;
			repositoryURL = "https://github.com/pointfreeco/swift-composable-architecture";
			requirement = {
				kind = revision;
				revision = 055ca459ca8f413fe4b91ac1a067627f42d51fa8;
			};
		};
		47E05E032D444EF800D26DA6 /* XCRemoteSwiftPackageReference "Sauce" */ = {
			isa = XCRemoteSwiftPackageReference;
			repositoryURL = "https://github.com/Clipy/Sauce";
			requirement = {
				branch = master;
				kind = branch;
			};
		};
		47E05E082D44525B00D26DA6 /* XCRemoteSwiftPackageReference "swift-dependencies" */ = {
			isa = XCRemoteSwiftPackageReference;
			repositoryURL = "https://github.com/pointfreeco/swift-dependencies";
			requirement = {
				kind = upToNextMajorVersion;
				minimumVersion = 1.11.0;
			};
		};
		47E16A602EC6C9D300885CF7 /* XCRemoteSwiftPackageReference "FluidAudio" */ = {
			isa = XCRemoteSwiftPackageReference;
			repositoryURL = "https://github.com/FluidInference/FluidAudio";
			requirement = {
				branch = main;
				kind = branch;
			};
		};
		B5045C952D78DED500D0A119 /* XCRemoteSwiftPackageReference "swift-markdown-ui" */ = {
			isa = XCRemoteSwiftPackageReference;
			repositoryURL = "https://github.com/gonzalezreal/swift-markdown-ui";
			requirement = {
				kind = upToNextMajorVersion;
				minimumVersion = 2.4.1;
			};
		};
/* End XCRemoteSwiftPackageReference section */

/* Begin XCSwiftPackageProductDependency section */
		47512ABE2E14D8C9000E25BA /* WhisperKit */ = {
			isa = XCSwiftPackageProductDependency;
			package = 47512ABD2E14D8C9000E25BA /* XCRemoteSwiftPackageReference "WhisperKit" */;
			productName = WhisperKit;
		};
		476316262E5FB31400913CDE /* HexCore */ = {
			isa = XCSwiftPackageProductDependency;
			productName = HexCore;
		};
		4765045D2D45900200C7EA60 /* Pow */ = {
			isa = XCSwiftPackageProductDependency;
			package = 4765045C2D45900200C7EA60 /* XCRemoteSwiftPackageReference "Pow" */;
			productName = Pow;
		};
		476BAD3D2D47E7880088C61F /* Sparkle */ = {
			isa = XCSwiftPackageProductDependency;
			package = 476BAD3C2D47E7880088C61F /* XCRemoteSwiftPackageReference "Sparkle" */;
			productName = Sparkle;
		};
		47C08AB52DE9F61B00564AE6 /* Inject */ = {
			isa = XCSwiftPackageProductDependency;
			package = 47C08AB42DE9F61B00564AE6 /* XCRemoteSwiftPackageReference "Inject" */;
			productName = Inject;
		};
		47E05E012D444EE900D26DA6 /* ComposableArchitecture */ = {
			isa = XCSwiftPackageProductDependency;
			package = 47E05E002D444EE900D26DA6 /* XCRemoteSwiftPackageReference "swift-composable-architecture" */;
			productName = ComposableArchitecture;
		};
		47E05E042D444EF800D26DA6 /* Sauce */ = {
			isa = XCSwiftPackageProductDependency;
			package = 47E05E032D444EF800D26DA6 /* XCRemoteSwiftPackageReference "Sauce" */;
			productName = Sauce;
		};
		47E05E092D44525B00D26DA6 /* Dependencies */ = {
			isa = XCSwiftPackageProductDependency;
			package = 47E05E082D44525B00D26DA6 /* XCRemoteSwiftPackageReference "swift-dependencies" */;
			productName = Dependencies;
		};
		47E05E0B2D44525B00D26DA6 /* DependenciesMacros */ = {
			isa = XCSwiftPackageProductDependency;
			package = 47E05E082D44525B00D26DA6 /* XCRemoteSwiftPackageReference "swift-dependencies" */;
			productName = DependenciesMacros;
		};
		47E16A612EC6C9D300885CF7 /* FluidAudio */ = {
			isa = XCSwiftPackageProductDependency;
			package = 47E16A602EC6C9D300885CF7 /* XCRemoteSwiftPackageReference "FluidAudio" */;
			productName = FluidAudio;
		};
		B5045C962D78DED500D0A119 /* MarkdownUI */ = {
			isa = XCSwiftPackageProductDependency;
			package = B5045C952D78DED500D0A119 /* XCRemoteSwiftPackageReference "swift-markdown-ui" */;
			productName = MarkdownUI;
		};
/* End XCSwiftPackageProductDependency section */
	};
	rootObject = 47E05DE62D444EC600D26DA6 /* Project object */;
}
